// !$*UTF8*$!
{
	archiveVersion = 1;
	classes = {
	};
	objectVersion = 56;
	objects = {

/* Begin PBXBuildFile section */
		7B3B28CBBD6A52325AEA41E5 /* MarkdownEditorApp.swift in Sources */ = {isa = PBXBuildFile; fileRef = D3920E2353813EF90890C1A0 /* MarkdownEditorApp.swift */; };
		716769830D24D2B4ECF5E94E /* AppState.swift in Sources */ = {isa = PBXBuildFile; fileRef = CA3777C2EF68EC9E2900AE12 /* AppState.swift */; };
		0AF7062E3837E0CFE47B5BAD /* FileTreeItem.swift in Sources */ = {isa = PBXBuildFile; fileRef = 3B60D7930FA84FBF267E1E23 /* FileTreeItem.swift */; };
		031470F5DAB2484C76115287 /* HeadingItem.swift in Sources */ = {isa = PBXBuildFile; fileRef = 30858D6CA6DB7B724CE528DD /* HeadingItem.swift */; };
		D58DC7D6625E2D790CB8407D /* SearchState.swift in Sources */ = {isa = PBXBuildFile; fileRef = ABBE40C328E85322DE275927 /* SearchState.swift */; };
		5B5BB0D7E5BEAA04C922EF65 /* ViewRefs.swift in Sources */ = {isa = PBXBuildFile; fileRef = 2C3F599C690C12C0DB86BB38 /* ViewRefs.swift */; };
		CCA36A65573C978B19CA2DC0 /* FileService.swift in Sources */ = {isa = PBXBuildFile; fileRef = B4DBCFA931AA9BCFB80EBF0E /* FileService.swift */; };
		01A868B0557CD63092CC3C63 /* FolderWatcher.swift in Sources */ = {isa = PBXBuildFile; fileRef = 01A41BE4EBA7B92646A84F6D /* FolderWatcher.swift */; };
		8FB2B5446B6EC29B56782DF1 /* HeadingParser.swift in Sources */ = {isa = PBXBuildFile; fileRef = CB14362E848689512DE269A3 /* HeadingParser.swift */; };
		76EF774C35342EFDC2B85D1A /* ImageHandler.swift in Sources */ = {isa = PBXBuildFile; fileRef = 448DCF18F347B10E80E766C4 /* ImageHandler.swift */; };
		8DEFC033E6A58E3F5F2D32DA /* MarkdownParser.swift in Sources */ = {isa = PBXBuildFile; fileRef = FC63A48D39FEA90CFA1F39EE /* MarkdownParser.swift */; };
		F048B1E1F6FDED20D1239282 /* SessionRestoreService.swift in Sources */ = {isa = PBXBuildFile; fileRef = 51781BABFEB8334FB4B16758 /* SessionRestoreService.swift */; };
		99A870F072B3B5358809824F /* ContentView.swift in Sources */ = {isa = PBXBuildFile; fileRef = EEC098DDAC609A1A55762DD3 /* ContentView.swift */; };
		748DF2EA8AF37840520F3932 /* EditorContainerView.swift in Sources */ = {isa = PBXBuildFile; fileRef = 079DD5D13CA1531EFF762956 /* EditorContainerView.swift */; };
		7F8492EACA9E6E778BF70794 /* LineNumberRulerView.swift in Sources */ = {isa = PBXBuildFile; fileRef = AC4A375E591AF532AD45CC2F /* LineNumberRulerView.swift */; };
		93146BD53C5ECD0E2D918DB9 /* MarkdownTextStorage.swift in Sources */ = {isa = PBXBuildFile; fileRef = 6E8A4167BBC5917463DAB638 /* MarkdownTextStorage.swift */; };
		5598DBA424BF83735670167B /* MarkdownTextView.swift in Sources */ = {isa = PBXBuildFile; fileRef = C09CCB72FAE119E8F1725F88 /* MarkdownTextView.swift */; };
		AE7FFAA3A32212016D969B9E /* OutlinePanelView.swift in Sources */ = {isa = PBXBuildFile; fileRef = B1823B9D39835D9ADD76310F /* OutlinePanelView.swift */; };
		9C5C364F818D439656990ADB /* PreviewWebView.swift in Sources */ = {isa = PBXBuildFile; fileRef = 23D781654E34374FBD8230F7 /* PreviewWebView.swift */; };
		92FDF8024DA1DCAC9CE6D0F7 /* ResizableHSplitView.swift in Sources */ = {isa = PBXBuildFile; fileRef = 4C8C289F3C6F7273512A8D6B /* ResizableHSplitView.swift */; };
		63080AFC0765FF900E6C12DD /* SearchPanelView.swift in Sources */ = {isa = PBXBuildFile; fileRef = B6C0FF21B90C10BCE93AFE89 /* SearchPanelView.swift */; };
		51068CB86AE25EE63B449660 /* FileRowView.swift in Sources */ = {isa = PBXBuildFile; fileRef = 923F09175B4ED82050AA9859 /* FileRowView.swift */; };
		2403A53ACDC06FC67A2DAB0E /* FolderHeaderView.swift in Sources */ = {isa = PBXBuildFile; fileRef = 9DF14C8FFB27CFF0AB9D7184 /* FolderHeaderView.swift */; };
		61E171E8F35DAB528297050D /* SidebarView.swift in Sources */ = {isa = PBXBuildFile; fileRef = 5A614DD00FE7FD8353A15DA7 /* SidebarView.swift */; };
		7C0C6CBF63E24FF5DA30F304 /* Info.plist in Resources */ = {isa = PBXBuildFile; fileRef = 45A4F1095F3C4C66FA7E2696 /* Info.plist */; };
		2D94EF44079DB8A3AD1902E2 /* highlight.min.js in Resources */ = {isa = PBXBuildFile; fileRef = 96CF8F28C95EB72170F2A8B3 /* highlight.min.js */; };
		81CC8913284884DB2B253EBD /* mermaid.min.js in Resources */ = {isa = PBXBuildFile; fileRef = A317D18626311D608A6BD3D9 /* mermaid.min.js */; };
		4388ED09B3A581E08B1048DB /* Assets.xcassets in Resources */ = {isa = PBXBuildFile; fileRef = F8001BC75463523D890A3212 /* Assets.xcassets */; };
/* End PBXBuildFile section */

/* Begin PBXFileReference section */
		ED160D86F4F59187308C3B77 /* MarkdownEditor.app */ = {isa = PBXFileReference; explicitFileType = wrapper.application; includeInIndex = 0; path = MarkdownEditor.app; sourceTree = BUILT_PRODUCTS_DIR; };
		D3920E2353813EF90890C1A0 /* MarkdownEditorApp.swift */ = {isa = PBXFileReference; lastKnownFileType = sourcecode.swift; path = MarkdownEditorApp.swift; sourceTree = "<group>"; };
		CA3777C2EF68EC9E2900AE12 /* AppState.swift */ = {isa = PBXFileReference; lastKnownFileType = sourcecode.swift; path = AppState.swift; sourceTree = "<group>"; };
		3B60D7930FA84FBF267E1E23 /* FileTreeItem.swift */ = {isa = PBXFileReference; lastKnownFileType = sourcecode.swift; path = FileTreeItem.swift; sourceTree = "<group>"; };
		30858D6CA6DB7B724CE528DD /* HeadingItem.swift */ = {isa = PBXFileReference; lastKnownFileType = sourcecode.swift; path = HeadingItem.swift; sourceTree = "<group>"; };
		ABBE40C328E85322DE275927 /* SearchState.swift */ = {isa = PBXFileReference; lastKnownFileType = sourcecode.swift; path = SearchState.swift; sourceTree = "<group>"; };
		2C3F599C690C12C0DB86BB38 /* ViewRefs.swift */ = {isa = PBXFileReference; lastKnownFileType = sourcecode.swift; path = ViewRefs.swift; sourceTree = "<group>"; };
		B4DBCFA931AA9BCFB80EBF0E /* FileService.swift */ = {isa = PBXFileReference; lastKnownFileType = sourcecode.swift; path = FileService.swift; sourceTree = "<group>"; };
		01A41BE4EBA7B92646A84F6D /* FolderWatcher.swift */ = {isa = PBXFileReference; lastKnownFileType = sourcecode.swift; path = FolderWatcher.swift; sourceTree = "<group>"; };
		CB14362E848689512DE269A3 /* HeadingParser.swift */ = {isa = PBXFileReference; lastKnownFileType = sourcecode.swift; path = HeadingParser.swift; sourceTree = "<group>"; };
		448DCF18F347B10E80E766C4 /* ImageHandler.swift */ = {isa = PBXFileReference; lastKnownFileType = sourcecode.swift; path = ImageHandler.swift; sourceTree = "<group>"; };
		FC63A48D39FEA90CFA1F39EE /* MarkdownParser.swift */ = {isa = PBXFileReference; lastKnownFileType = sourcecode.swift; path = MarkdownParser.swift; sourceTree = "<group>"; };
		51781BABFEB8334FB4B16758 /* SessionRestoreService.swift */ = {isa = PBXFileReference; lastKnownFileType = sourcecode.swift; path = SessionRestoreService.swift; sourceTree = "<group>"; };
		EEC098DDAC609A1A55762DD3 /* ContentView.swift */ = {isa = PBXFileReference; lastKnownFileType = sourcecode.swift; path = ContentView.swift; sourceTree = "<group>"; };
		079DD5D13CA1531EFF762956 /* EditorContainerView.swift */ = {isa = PBXFileReference; lastKnownFileType = sourcecode.swift; path = EditorContainerView.swift; sourceTree = "<group>"; };
		AC4A375E591AF532AD45CC2F /* LineNumberRulerView.swift */ = {isa = PBXFileReference; lastKnownFileType = sourcecode.swift; path = LineNumberRulerView.swift; sourceTree = "<group>"; };
		6E8A4167BBC5917463DAB638 /* MarkdownTextStorage.swift */ = {isa = PBXFileReference; lastKnownFileType = sourcecode.swift; path = MarkdownTextStorage.swift; sourceTree = "<group>"; };
		C09CCB72FAE119E8F1725F88 /* MarkdownTextView.swift */ = {isa = PBXFileReference; lastKnownFileType = sourcecode.swift; path = MarkdownTextView.swift; sourceTree = "<group>"; };
		B1823B9D39835D9ADD76310F /* OutlinePanelView.swift */ = {isa = PBXFileReference; lastKnownFileType = sourcecode.swift; path = OutlinePanelView.swift; sourceTree = "<group>"; };
		23D781654E34374FBD8230F7 /* PreviewWebView.swift */ = {isa = PBXFileReference; lastKnownFileType = sourcecode.swift; path = PreviewWebView.swift; sourceTree = "<group>"; };
		4C8C289F3C6F7273512A8D6B /* ResizableHSplitView.swift */ = {isa = PBXFileReference; lastKnownFileType = sourcecode.swift; path = ResizableHSplitView.swift; sourceTree = "<group>"; };
		B6C0FF21B90C10BCE93AFE89 /* SearchPanelView.swift */ = {isa = PBXFileReference; lastKnownFileType = sourcecode.swift; path = SearchPanelView.swift; sourceTree = "<group>"; };
		923F09175B4ED82050AA9859 /* FileRowView.swift */ = {isa = PBXFileReference; lastKnownFileType = sourcecode.swift; path = FileRowView.swift; sourceTree = "<group>"; };
		9DF14C8FFB27CFF0AB9D7184 /* FolderHeaderView.swift */ = {isa = PBXFileReference; lastKnownFileType = sourcecode.swift; path = FolderHeaderView.swift; sourceTree = "<group>"; };
		5A614DD00FE7FD8353A15DA7 /* SidebarView.swift */ = {isa = PBXFileReference; lastKnownFileType = sourcecode.swift; path = SidebarView.swift; sourceTree = "<group>"; };
		45A4F1095F3C4C66FA7E2696 /* Info.plist */ = {isa = PBXFileReference; lastKnownFileType = text.plist.xml; path = Info.plist; sourceTree = "<group>"; };
		96CF8F28C95EB72170F2A8B3 /* highlight.min.js */ = {isa = PBXFileReference; lastKnownFileType = sourcecode.javascript; path = highlight.min.js; sourceTree = "<group>"; };
		A317D18626311D608A6BD3D9 /* mermaid.min.js */ = {isa = PBXFileReference; lastKnownFileType = sourcecode.javascript; path = mermaid.min.js; sourceTree = "<group>"; };
		F8001BC75463523D890A3212 /* Assets.xcassets */ = {isa = PBXFileReference; lastKnownFileType = folder.assetcatalog; path = Assets.xcassets; sourceTree = "<group>"; };
/* End PBXFileReference section */

/* Begin PBXGroup section */
		EC6AE75C017423A0C5A951A8 = {
			isa = PBXGroup;
			children = (
				FEFF603082B24109E3CBFCB6 /* Sources */,
				8D4D6716AE9F8D8F28246205 /* Resources */,
				942A9A1A63793D61082FFAA8 /* Products */,
			);
			sourceTree = "<group>";
		};
		FEFF603082B24109E3CBFCB6 = {
			isa = PBXGroup;
			children = (
				D3920E2353813EF90890C1A0 /* MarkdownEditorApp.swift */,
				AAC7DC5DCD23638D271D3093 /* Models */,
				B3FF000EAD123ECB4835E3AE /* Views */,
				6DDB9E946472D11E74FF7E59 /* Services */,
			);
			path = Sources;
			sourceTree = "<group>";
		};
		AAC7DC5DCD23638D271D3093 = {
			isa = PBXGroup;
			children = (
				CA3777C2EF68EC9E2900AE12 /* AppState.swift */,
				3B60D7930FA84FBF267E1E23 /* FileTreeItem.swift */,
				30858D6CA6DB7B724CE528DD /* HeadingItem.swift */,
				ABBE40C328E85322DE275927 /* SearchState.swift */,
				2C3F599C690C12C0DB86BB38 /* ViewRefs.swift */,
			);
			path = Models;
			sourceTree = "<group>";
		};
		B3FF000EAD123ECB4835E3AE = {
			isa = PBXGroup;
			children = (
				EEC098DDAC609A1A55762DD3 /* ContentView.swift */,
				F06273713D427C4D64114811 /* Sidebar */,
				A9BD5F2A0FD3F2CFA3D8964C /* Editor */,
				B46A5B1AC54451EF3D018F6A /* Preview */,
			);
			path = Views;
			sourceTree = "<group>";
		};
		F06273713D427C4D64114811 = {
			isa = PBXGroup;
			children = (
				923F09175B4ED82050AA9859 /* FileRowView.swift */,
				9DF14C8FFB27CFF0AB9D7184 /* FolderHeaderView.swift */,
				5A614DD00FE7FD8353A15DA7 /* SidebarView.swift */,
			);
			path = Sidebar;
			sourceTree = "<group>";
		};
		A9BD5F2A0FD3F2CFA3D8964C = {
			isa = PBXGroup;
			children = (
				079DD5D13CA1531EFF762956 /* EditorContainerView.swift */,
				AC4A375E591AF532AD45CC2F /* LineNumberRulerView.swift */,
				6E8A4167BBC5917463DAB638 /* MarkdownTextStorage.swift */,
				C09CCB72FAE119E8F1725F88 /* MarkdownTextView.swift */,
			);
			path = Editor;
			sourceTree = "<group>";
		};
		B46A5B1AC54451EF3D018F6A = {
			isa = PBXGroup;
			children = (
				23D781654E34374FBD8230F7 /* PreviewWebView.swift */,
			);
			path = Preview;
			sourceTree = "<group>";
		};
		6DDB9E946472D11E74FF7E59 = {
			isa = PBXGroup;
			children = (
				B4DBCFA931AA9BCFB80EBF0E /* FileService.swift */,
				01A41BE4EBA7B92646A84F6D /* FolderWatcher.swift */,
				CB14362E848689512DE269A3 /* HeadingParser.swift */,
				448DCF18F347B10E80E766C4 /* ImageHandler.swift */,
				FC63A48D39FEA90CFA1F39EE /* MarkdownParser.swift */,
				51781BABFEB8334FB4B16758 /* SessionRestoreService.swift */,
			);
			path = Services;
			sourceTree = "<group>";
		};
		8D4D6716AE9F8D8F28246205 = {
			isa = PBXGroup;
			children = (
				45A4F1095F3C4C66FA7E2696 /* Info.plist */,
				96CF8F28C95EB72170F2A8B3 /* highlight.min.js */,
				A317D18626311D608A6BD3D9 /* mermaid.min.js */,
				F8001BC75463523D890A3212 /* Assets.xcassets */,
			);
			path = Resources;
			sourceTree = "<group>";
		};
		942A9A1A63793D61082FFAA8 = {
			isa = PBXGroup;
			children = (
				ED160D86F4F59187308C3B77 /* MarkdownEditor.app */,
			);
			name = Products;
			sourceTree = "<group>";
		};
/* End PBXGroup section */

/* Begin PBXNativeTarget section */
		34A04005BCAF206EEC990BD9 /* MarkdownEditor */ = {
			isa = PBXNativeTarget;
			buildConfigurationList = 249E4D84703C93450927DBB4 /* Build configuration list for PBXNativeTarget "MarkdownEditor" */;
		buildPhases = (
				A8845CE5F531D368403AFF88 /* Sources */,
				8E8A406124A99A2C1D9A1238 /* Resources */,
			);
		buildRules = (
			);
		dependencies = (
			);
		name = MarkdownEditor;
		productName = MarkdownEditor;
		productReference = ED160D86F4F59187308C3B77 /* MarkdownEditor.app */;
		productType = "com.apple.product-type.application";
		};
/* End PBXNativeTarget section */

/* Begin PBXProject section */
		244210E48437B6556980A702 /* Project object */ = {
			isa = PBXProject;
			attributes = {
				BuildIndependentTargetsInParallel = 1;
				LastSwiftUpdateCheck = 1540;
				LastUpgradeCheck = 1540;
			};
			buildConfigurationList = E218C3791B52AB5D30EEDBEF /* Build configuration list for PBXProject "MarkdownEditor" */;
			compatibilityVersion = "Xcode 14.0";
			developmentRegion = en;
			hasScannedForEncodings = 0;
			knownRegions = (
				en,
				Base,
			);
			mainGroup = EC6AE75C017423A0C5A951A8;
			productRefGroup = 942A9A1A63793D61082FFAA8;
			projectDirPath = "";
			projectRoot = "";
			targets = (
				34A04005BCAF206EEC990BD9 /* MarkdownEditor */,
			);
		};
/* End PBXProject section */

/* Begin PBXSourcesBuildPhase section */
		A8845CE5F531D368403AFF88 /* Sources */ = {
			isa = PBXSourcesBuildPhase;
			buildActionMask = 2147483647;
			files = (
				7B3B28CBBD6A52325AEA41E5 /* MarkdownEditorApp.swift in Sources */,
				716769830D24D2B4ECF5E94E /* AppState.swift in Sources */,
				0AF7062E3837E0CFE47B5BAD /* FileTreeItem.swift in Sources */,
				031470F5DAB2484C76115287 /* HeadingItem.swift in Sources */,
				D58DC7D6625E2D790CB8407D /* SearchState.swift in Sources */,
				5B5BB0D7E5BEAA04C922EF65 /* ViewRefs.swift in Sources */,
				CCA36A65573C978B19CA2DC0 /* FileService.swift in Sources */,
				01A868B0557CD63092CC3C63 /* FolderWatcher.swift in Sources */,
				8FB2B5446B6EC29B56782DF1 /* HeadingParser.swift in Sources */,
				76EF774C35342EFDC2B85D1A /* ImageHandler.swift in Sources */,
				8DEFC033E6A58E3F5F2D32DA /* MarkdownParser.swift in Sources */,
				F048B1E1F6FDED20D1239282 /* SessionRestoreService.swift in Sources */,
				99A870F072B3B5358809824F /* ContentView.swift in Sources */,
				748DF2EA8AF37840520F3932 /* EditorContainerView.swift in Sources */,
				7F8492EACA9E6E778BF70794 /* LineNumberRulerView.swift in Sources */,
				93146BD53C5ECD0E2D918DB9 /* MarkdownTextStorage.swift in Sources */,
				5598DBA424BF83735670167B /* MarkdownTextView.swift in Sources */,
				AE7FFAA3A32212016D969B9E /* OutlinePanelView.swift in Sources */,
				9C5C364F818D439656990ADB /* PreviewWebView.swift in Sources */,
				92FDF8024DA1DCAC9CE6D0F7 /* ResizableHSplitView.swift in Sources */,
				63080AFC0765FF900E6C12DD /* SearchPanelView.swift in Sources */,
				51068CB86AE25EE63B449660 /* FileRowView.swift in Sources */,
				2403A53ACDC06FC67A2DAB0E /* FolderHeaderView.swift in Sources */,
				61E171E8F35DAB528297050D /* SidebarView.swift in Sources */,
			);
			runOnlyForDeploymentPostprocessing = 0;
		};
/* End PBXSourcesBuildPhase section */

/* Begin PBXResourcesBuildPhase section */
		8E8A406124A99A2C1D9A1238 /* Resources */ = {
			isa = PBXResourcesBuildPhase;
			buildActionMask = 2147483647;
			files = (
				7C0C6CBF63E24FF5DA30F304 /* Info.plist in Resources */,
				2D94EF44079DB8A3AD1902E2 /* highlight.min.js in Resources */,
				81CC8913284884DB2B253EBD /* mermaid.min.js in Resources */,
				4388ED09B3A581E08B1048DB /* Assets.xcassets in Resources */,
			);
			runOnlyForDeploymentPostprocessing = 0;
		};
/* End PBXResourcesBuildPhase section */

/* Begin XCConfigurationList section */
		E218C3791B52AB5D30EEDBEF /* Build configuration list for PBXProject "MarkdownEditor" */ = {
			isa = XCConfigurationList;
			buildConfigurations = (
				EF6028FA9F982BD485E8500E /* Debug */,
				84A9B95E71FBA0C87195D003 /* Release */,
			);
			defaultConfigurationIsVisible = 0;
			defaultConfigurationName = Release;
		};
		249E4D84703C93450927DBB4 /* Build configuration list for PBXNativeTarget "MarkdownEditor" */ = {
			isa = XCConfigurationList;
			buildConfigurations = (
				DFF40D113668659BD0EC416A /* Debug */,
				365DE46DCEC6EB302C60A64C /* Release */,
			);
			defaultConfigurationIsVisible = 0;
			defaultConfigurationName = Release;
		};
/* End XCConfigurationList section */

/* Begin XCBuildConfiguration section */
		EF6028FA9F982BD485E8500E /* Debug */ = {
			isa = XCBuildConfiguration;
			buildSettings = {
				ALWAYS_SEARCH_USER_PATHS = NO;
				CLANG_ANALYZER_NONNULL = YES;
				CLANG_CXX_LANGUAGE_STANDARD = "gnu++20";
				CLANG_ENABLE_MODULES = YES;
				CLANG_ENABLE_OBJC_ARC = YES;
				COPY_PHASE_STRIP = NO;
				DEBUG_INFORMATION_FORMAT = dwarf;
				ENABLE_STRICT_OBJC_MSGSEND = YES;
				ENABLE_TESTABILITY = YES;
				GCC_DYNAMIC_NO_PIC = NO;
				GCC_OPTIMIZATION_LEVEL = 0;
				GCC_PREPROCESSOR_DEFINITIONS = (
					"DEBUG=1",
					"$(inherited)",
				);
				IPHONEOS_DEPLOYMENT_TARGET = 17.0;
				MACOSX_DEPLOYMENT_TARGET = 14.0;
				MTL_ENABLE_DEBUG_INFO = INCLUDE_SOURCE;
				ONLY_ACTIVE_ARCH = YES;
				SDKROOT = macosx;
				SWIFT_ACTIVE_COMPILATION_CONDITIONS = DEBUG;
				SWIFT_OPTIMIZATION_LEVEL = "-Onone";
			};
			name = Debug;
		};
		84A9B95E71FBA0C87195D003 /* Release */ = {
			isa = XCBuildConfiguration;
			buildSettings = {
				ALWAYS_SEARCH_USER_PATHS = NO;
				CLANG_ANALYZER_NONNULL = YES;
				CLANG_CXX_LANGUAGE_STANDARD = "gnu++20";
				CLANG_ENABLE_MODULES = YES;
				CLANG_ENABLE_OBJC_ARC = YES;
				COPY_PHASE_STRIP = NO;
				DEBUG_INFORMATION_FORMAT = "dwarf-with-dsym";
				ENABLE_NS_ASSERTIONS = NO;
				ENABLE_STRICT_OBJC_MSGSEND = YES;
				GCC_OPTIMIZATION_LEVEL = s;
				IPHONEOS_DEPLOYMENT_TARGET = 17.0;
				MACOSX_DEPLOYMENT_TARGET = 14.0;
				MTL_ENABLE_DEBUG_INFO = NO;
				SDKROOT = macosx;
				SWIFT_COMPILATION_MODE = wholemodule;
				SWIFT_OPTIMIZATION_LEVEL = "-O";
			};
			name = Release;
		};
		DFF40D113668659BD0EC416A /* Debug */ = {
			isa = XCBuildConfiguration;
			buildSettings = {
				ASSETCATALOG_COMPILER_APPICON_NAME = AppIcon;
				CODE_SIGN_STYLE = Automatic;
				COMBINE_HIDPI_IMAGES = YES;
				CURRENT_PROJECT_VERSION = 1;
				ENABLE_HARDENED_RUNTIME = YES;
				GENERATE_INFOPLIST_FILE = YES;
				INFOPLIST_FILE = Resources/Info.plist;
				INFOPLIST_KEY_CFBundleDisplayName = "MarkdownEditor";
				INFOPLIST_KEY_LSApplicationCategoryType = "public.app-category.productivity";
				INFOPLIST_KEY_NSHumanReadableCopyright = "";
				LD_RUNPATH_SEARCH_PATHS = (
					"$(inherited)",
					"@executable_path/../Frameworks",
				);
				MARKETING_VERSION = 1.0;
				PRODUCT_BUNDLE_IDENTIFIER = com.markdowneditor.app;
				PRODUCT_NAME = "$(TARGET_NAME)";
				SWIFT_EMIT_LOC_STRINGS = YES;
				SWIFT_VERSION = 5.9;
			};
			name = Debug;
		};
		365DE46DCEC6EB302C60A64C /* Release */ = {
			isa = XCBuildConfiguration;
			buildSettings = {
				ASSETCATALOG_COMPILER_APPICON_NAME = AppIcon;
				CODE_SIGN_STYLE = Automatic;
				COMBINE_HIDPI_IMAGES = YES;
				CURRENT_PROJECT_VERSION = 1;
				ENABLE_HARDENED_RUNTIME = YES;
				GENERATE_INFOPLIST_FILE = YES;
				INFOPLIST_FILE = Resources/Info.plist;
				INFOPLIST_KEY_CFBundleDisplayName = "MarkdownEditor";
				INFOPLIST_KEY_LSApplicationCategoryType = "public.app-category.productivity";
				INFOPLIST_KEY_NSHumanReadableCopyright = "";
				LD_RUNPATH_SEARCH_PATHS = (
					"$(inherited)",
					"@executable_path/../Frameworks",
				);
				MARKETING_VERSION = 1.0;
				PRODUCT_BUNDLE_IDENTIFIER = com.markdowneditor.app;
				PRODUCT_NAME = "$(TARGET_NAME)";
				SWIFT_EMIT_LOC_STRINGS = YES;
				SWIFT_VERSION = 5.9;
			};
			name = Release;
		};
/* End XCBuildConfiguration section */

/* Begin PBXRootObject section */
		4813494D137E1631BBA301D5 /* Root object */ = {
			isa = PBXRootObject;
			rootObject = 244210E48437B6556980A702 /* Project object */;
		};
/* End PBXRootObject section */
	};
	rootObject = 4813494D137E1631BBA301D5 /* Root object */;
}
